// !$*UTF8*$!
{
	archiveVersion = 1;
	classes = {
	};
	objectVersion = 56;
	objects = {

/* Begin PBXBuildFile section */
		107558262A7911F000A9B30A /* AppDelegate.swift in Sources */ = {isa = PBXBuildFile; fileRef = 107558252A7911F000A9B30A /* AppDelegate.swift */; };
		107558282A7911F000A9B30A /* SceneDelegate.swift in Sources */ = {isa = PBXBuildFile; fileRef = 107558272A7911F000A9B30A /* SceneDelegate.swift */; };
		1075582F2A7911F100A9B30A /* Assets.xcassets in Resources */ = {isa = PBXBuildFile; fileRef = 1075582E2A7911F100A9B30A /* Assets.xcassets */; };
		107558322A7911F100A9B30A /* LaunchScreen.storyboard in Resources */ = {isa = PBXBuildFile; fileRef = 107558302A7911F100A9B30A /* LaunchScreen.storyboard */; };
		1075583D2A7911F100A9B30A /* animeAppTests.swift in Sources */ = {isa = PBXBuildFile; fileRef = 1075583C2A7911F100A9B30A /* animeAppTests.swift */; };
		107558472A7911F100A9B30A /* animeAppUITests.swift in Sources */ = {isa = PBXBuildFile; fileRef = 107558462A7911F100A9B30A /* animeAppUITests.swift */; };
		107558492A7911F100A9B30A /* animeAppUITestsLaunchTests.swift in Sources */ = {isa = PBXBuildFile; fileRef = 107558482A7911F100A9B30A /* animeAppUITestsLaunchTests.swift */; };
		107558682A79196700A9B30A /* LoginViewModel.swift in Sources */ = {isa = PBXBuildFile; fileRef = 107558672A79196700A9B30A /* LoginViewModel.swift */; };
		1075586B2A79198500A9B30A /* LoginView.xib in Resources */ = {isa = PBXBuildFile; fileRef = 1075586A2A79198500A9B30A /* LoginView.xib */; };
		1075586D2A79199700A9B30A /* LoginViewController.swift in Sources */ = {isa = PBXBuildFile; fileRef = 1075586C2A79199700A9B30A /* LoginViewController.swift */; };
		1075586F2A7930A300A9B30A /* KeyChainHelper.swift in Sources */ = {isa = PBXBuildFile; fileRef = 1075586E2A7930A300A9B30A /* KeyChainHelper.swift */; };
		107558712A7930F200A9B30A /* UserDefaultHelper.swift in Sources */ = {isa = PBXBuildFile; fileRef = 107558702A7930F200A9B30A /* UserDefaultHelper.swift */; };
		107558732A7984E000A9B30A /* TopAnimeRemoteDataSourceImpl.swift in Sources */ = {isa = PBXBuildFile; fileRef = 107558722A7984E000A9B30A /* TopAnimeRemoteDataSourceImpl.swift */; };
		107558762A79850900A9B30A /* TopAnimeRemoteDataSourceProtocol.swift in Sources */ = {isa = PBXBuildFile; fileRef = 107558752A79850900A9B30A /* TopAnimeRemoteDataSourceProtocol.swift */; };
		1075587F2A798B6E00A9B30A /* TopAnimeDTO.swift in Sources */ = {isa = PBXBuildFile; fileRef = 1075587E2A798B6E00A9B30A /* TopAnimeDTO.swift */; };
		107558842A798BFA00A9B30A /* Pagination.swift in Sources */ = {isa = PBXBuildFile; fileRef = 107558832A798BFA00A9B30A /* Pagination.swift */; };
		107558872A798C6C00A9B30A /* Items.swift in Sources */ = {isa = PBXBuildFile; fileRef = 107558862A798C6C00A9B30A /* Items.swift */; };
		1075588A2A798F5600A9B30A /* Datum.swift in Sources */ = {isa = PBXBuildFile; fileRef = 107558892A798F5600A9B30A /* Datum.swift */; };
		1075588D2A79A96A00A9B30A /* Aired.swift in Sources */ = {isa = PBXBuildFile; fileRef = 1075588C2A79A96A00A9B30A /* Aired.swift */; };
		1075588F2A79A98800A9B30A /* Prop.swift in Sources */ = {isa = PBXBuildFile; fileRef = 1075588E2A79A98800A9B30A /* Prop.swift */; };
		107558932A79A9BD00A9B30A /* From.swift in Sources */ = {isa = PBXBuildFile; fileRef = 107558922A79A9BD00A9B30A /* From.swift */; };
		107558962A79A9DB00A9B30A /* Broadcast.swift in Sources */ = {isa = PBXBuildFile; fileRef = 107558952A79A9DB00A9B30A /* Broadcast.swift */; };
		107558992A79A9FE00A9B30A /* Demographic.swift in Sources */ = {isa = PBXBuildFile; fileRef = 107558982A79A9FE00A9B30A /* Demographic.swift */; };
		1075589C2A79AA1100A9B30A /* Image.swift in Sources */ = {isa = PBXBuildFile; fileRef = 1075589B2A79AA1100A9B30A /* Image.swift */; };
		1075589F2A79AA8D00A9B30A /* Title.swift in Sources */ = {isa = PBXBuildFile; fileRef = 1075589E2A79AA8D00A9B30A /* Title.swift */; };
		107558A22A79AAA100A9B30A /* Trailer.swift in Sources */ = {isa = PBXBuildFile; fileRef = 107558A12A79AAA100A9B30A /* Trailer.swift */; };
		107558A42A79B24C00A9B30A /* NetworkError.swift in Sources */ = {isa = PBXBuildFile; fileRef = 107558A32A79B24C00A9B30A /* NetworkError.swift */; };
		107558AB2A7A349A00A9B30A /* TopAnimeDO.swift in Sources */ = {isa = PBXBuildFile; fileRef = 107558AA2A7A349A00A9B30A /* TopAnimeDO.swift */; };
		107558AF2A7A36B700A9B30A /* PaginationDO.swift in Sources */ = {isa = PBXBuildFile; fileRef = 107558AE2A7A36B700A9B30A /* PaginationDO.swift */; };
		107558B12A7A371500A9B30A /* DatumDO.swift in Sources */ = {isa = PBXBuildFile; fileRef = 107558B02A7A371500A9B30A /* DatumDO.swift */; };
		107558B62A7A4E5900A9B30A /* DemographicDO.swift in Sources */ = {isa = PBXBuildFile; fileRef = 107558B52A7A4E5900A9B30A /* DemographicDO.swift */; };
		107558B82A7A5CCB00A9B30A /* GetTopAnimesRepositoryImpl.swift in Sources */ = {isa = PBXBuildFile; fileRef = 107558B72A7A5CCB00A9B30A /* GetTopAnimesRepositoryImpl.swift */; };
		107558BA2A7A5D0B00A9B30A /* GetTopAnimesRepositoryProtocol.swift in Sources */ = {isa = PBXBuildFile; fileRef = 107558B92A7A5D0B00A9B30A /* GetTopAnimesRepositoryProtocol.swift */; };
		107558C02A7A856800A9B30A /* HomeViewController.swift in Sources */ = {isa = PBXBuildFile; fileRef = 107558BF2A7A856800A9B30A /* HomeViewController.swift */; };
		107558C22A7A856F00A9B30A /* HomeViewModel.swift in Sources */ = {isa = PBXBuildFile; fileRef = 107558C12A7A856F00A9B30A /* HomeViewModel.swift */; };
		107558C42A7A858300A9B30A /* HomeView.xib in Resources */ = {isa = PBXBuildFile; fileRef = 107558C32A7A858300A9B30A /* HomeView.xib */; };
		107558C82A7A85BD00A9B30A /* HomeCollectionViewCell.swift in Sources */ = {isa = PBXBuildFile; fileRef = 107558C72A7A85BD00A9B30A /* HomeCollectionViewCell.swift */; };
		107558D12A7AB6E300A9B30A /* Localizable.strings in Resources */ = {isa = PBXBuildFile; fileRef = 107558D32A7AB6E300A9B30A /* Localizable.strings */; };
		107558D72A7BC0CF00A9B30A /* TopAnimeVO.swift in Sources */ = {isa = PBXBuildFile; fileRef = 107558D62A7BC0CF00A9B30A /* TopAnimeVO.swift */; };
		107558DB2A7BC17500A9B30A /* TopAnimeDataVO.swift in Sources */ = {isa = PBXBuildFile; fileRef = 107558DA2A7BC17500A9B30A /* TopAnimeDataVO.swift */; };
		107558DF2A7BC50800A9B30A /* DemographicVO.swift in Sources */ = {isa = PBXBuildFile; fileRef = 107558DE2A7BC50800A9B30A /* DemographicVO.swift */; };
		107558E32A7C596F00A9B30A /* HomeCollectionViewCell.xib in Resources */ = {isa = PBXBuildFile; fileRef = 107558E12A7C596F00A9B30A /* HomeCollectionViewCell.xib */; };
		107558E62A7D12EC00A9B30A /* TabBarViewController.swift in Sources */ = {isa = PBXBuildFile; fileRef = 107558E52A7D12EC00A9B30A /* TabBarViewController.swift */; };
		107558E82A7D137500A9B30A /* NotificationCenterExtension.swift in Sources */ = {isa = PBXBuildFile; fileRef = 107558E72A7D137500A9B30A /* NotificationCenterExtension.swift */; };
		107558EB2A7D248600A9B30A /* DetailViewController.xib in Resources */ = {isa = PBXBuildFile; fileRef = 107558EA2A7D248600A9B30A /* DetailViewController.xib */; };
		107558ED2A7D249200A9B30A /* DetailViewController.swift in Sources */ = {isa = PBXBuildFile; fileRef = 107558EC2A7D249200A9B30A /* DetailViewController.swift */; };
		107558F22A7FC6A900A9B30A /* DetailViewModel.swift in Sources */ = {isa = PBXBuildFile; fileRef = 107558F12A7FC6A900A9B30A /* DetailViewModel.swift */; };
		107558F52A80D4BD00A9B30A /* RootViewModel.swift in Sources */ = {isa = PBXBuildFile; fileRef = 107558F42A80D4BD00A9B30A /* RootViewModel.swift */; };
/* End PBXBuildFile section */

/* Begin PBXContainerItemProxy section */
		107558392A7911F100A9B30A /* PBXContainerItemProxy */ = {
			isa = PBXContainerItemProxy;
			containerPortal = 1075581A2A7911F000A9B30A /* Project object */;
			proxyType = 1;
			remoteGlobalIDString = 107558212A7911F000A9B30A;
			remoteInfo = animeApp;
		};
		107558432A7911F100A9B30A /* PBXContainerItemProxy */ = {
			isa = PBXContainerItemProxy;
			containerPortal = 1075581A2A7911F000A9B30A /* Project object */;
			proxyType = 1;
			remoteGlobalIDString = 107558212A7911F000A9B30A;
			remoteInfo = animeApp;
		};
/* End PBXContainerItemProxy section */

/* Begin PBXFileReference section */
		107558222A7911F000A9B30A /* animeApp.app */ = {isa = PBXFileReference; explicitFileType = wrapper.application; includeInIndex = 0; path = animeApp.app; sourceTree = BUILT_PRODUCTS_DIR; };
		107558252A7911F000A9B30A /* AppDelegate.swift */ = {isa = PBXFileReference; lastKnownFileType = sourcecode.swift; path = AppDelegate.swift; sourceTree = "<group>"; };
		107558272A7911F000A9B30A /* SceneDelegate.swift */ = {isa = PBXFileReference; lastKnownFileType = sourcecode.swift; path = SceneDelegate.swift; sourceTree = "<group>"; };
		1075582E2A7911F100A9B30A /* Assets.xcassets */ = {isa = PBXFileReference; lastKnownFileType = folder.assetcatalog; path = Assets.xcassets; sourceTree = "<group>"; };
		107558312A7911F100A9B30A /* Base */ = {isa = PBXFileReference; lastKnownFileType = file.storyboard; name = Base; path = Base.lproj/LaunchScreen.storyboard; sourceTree = "<group>"; };
		107558332A7911F100A9B30A /* Info.plist */ = {isa = PBXFileReference; lastKnownFileType = text.plist.xml; path = Info.plist; sourceTree = "<group>"; };
		107558382A7911F100A9B30A /* animeAppTests.xctest */ = {isa = PBXFileReference; explicitFileType = wrapper.cfbundle; includeInIndex = 0; path = animeAppTests.xctest; sourceTree = BUILT_PRODUCTS_DIR; };
		1075583C2A7911F100A9B30A /* animeAppTests.swift */ = {isa = PBXFileReference; lastKnownFileType = sourcecode.swift; path = animeAppTests.swift; sourceTree = "<group>"; };
		107558422A7911F100A9B30A /* animeAppUITests.xctest */ = {isa = PBXFileReference; explicitFileType = wrapper.cfbundle; includeInIndex = 0; path = animeAppUITests.xctest; sourceTree = BUILT_PRODUCTS_DIR; };
		107558462A7911F100A9B30A /* animeAppUITests.swift */ = {isa = PBXFileReference; lastKnownFileType = sourcecode.swift; path = animeAppUITests.swift; sourceTree = "<group>"; };
		107558482A7911F100A9B30A /* animeAppUITestsLaunchTests.swift */ = {isa = PBXFileReference; lastKnownFileType = sourcecode.swift; path = animeAppUITestsLaunchTests.swift; sourceTree = "<group>"; };
		107558672A79196700A9B30A /* LoginViewModel.swift */ = {isa = PBXFileReference; lastKnownFileType = sourcecode.swift; path = LoginViewModel.swift; sourceTree = "<group>"; };
		1075586A2A79198500A9B30A /* LoginView.xib */ = {isa = PBXFileReference; lastKnownFileType = file.xib; path = LoginView.xib; sourceTree = "<group>"; };
		1075586C2A79199700A9B30A /* LoginViewController.swift */ = {isa = PBXFileReference; lastKnownFileType = sourcecode.swift; path = LoginViewController.swift; sourceTree = "<group>"; };
		1075586E2A7930A300A9B30A /* KeyChainHelper.swift */ = {isa = PBXFileReference; lastKnownFileType = sourcecode.swift; path = KeyChainHelper.swift; sourceTree = "<group>"; };
		107558702A7930F200A9B30A /* UserDefaultHelper.swift */ = {isa = PBXFileReference; lastKnownFileType = sourcecode.swift; path = UserDefaultHelper.swift; sourceTree = "<group>"; };
		107558722A7984E000A9B30A /* TopAnimeRemoteDataSourceImpl.swift */ = {isa = PBXFileReference; lastKnownFileType = sourcecode.swift; path = TopAnimeRemoteDataSourceImpl.swift; sourceTree = "<group>"; };
		107558752A79850900A9B30A /* TopAnimeRemoteDataSourceProtocol.swift */ = {isa = PBXFileReference; lastKnownFileType = sourcecode.swift; path = TopAnimeRemoteDataSourceProtocol.swift; sourceTree = "<group>"; };
		1075587E2A798B6E00A9B30A /* TopAnimeDTO.swift */ = {isa = PBXFileReference; lastKnownFileType = sourcecode.swift; path = TopAnimeDTO.swift; sourceTree = "<group>"; };
		107558832A798BFA00A9B30A /* Pagination.swift */ = {isa = PBXFileReference; lastKnownFileType = sourcecode.swift; path = Pagination.swift; sourceTree = "<group>"; };
		107558862A798C6C00A9B30A /* Items.swift */ = {isa = PBXFileReference; lastKnownFileType = sourcecode.swift; path = Items.swift; sourceTree = "<group>"; };
		107558892A798F5600A9B30A /* Datum.swift */ = {isa = PBXFileReference; lastKnownFileType = sourcecode.swift; path = Datum.swift; sourceTree = "<group>"; };
		1075588C2A79A96A00A9B30A /* Aired.swift */ = {isa = PBXFileReference; lastKnownFileType = sourcecode.swift; path = Aired.swift; sourceTree = "<group>"; };
		1075588E2A79A98800A9B30A /* Prop.swift */ = {isa = PBXFileReference; lastKnownFileType = sourcecode.swift; path = Prop.swift; sourceTree = "<group>"; };
		107558922A79A9BD00A9B30A /* From.swift */ = {isa = PBXFileReference; lastKnownFileType = sourcecode.swift; path = From.swift; sourceTree = "<group>"; };
		107558952A79A9DB00A9B30A /* Broadcast.swift */ = {isa = PBXFileReference; lastKnownFileType = sourcecode.swift; path = Broadcast.swift; sourceTree = "<group>"; };
		107558982A79A9FE00A9B30A /* Demographic.swift */ = {isa = PBXFileReference; lastKnownFileType = sourcecode.swift; path = Demographic.swift; sourceTree = "<group>"; };
		1075589B2A79AA1100A9B30A /* Image.swift */ = {isa = PBXFileReference; lastKnownFileType = sourcecode.swift; path = Image.swift; sourceTree = "<group>"; };
		1075589E2A79AA8D00A9B30A /* Title.swift */ = {isa = PBXFileReference; lastKnownFileType = sourcecode.swift; path = Title.swift; sourceTree = "<group>"; };
		107558A12A79AAA100A9B30A /* Trailer.swift */ = {isa = PBXFileReference; lastKnownFileType = sourcecode.swift; path = Trailer.swift; sourceTree = "<group>"; };
		107558A32A79B24C00A9B30A /* NetworkError.swift */ = {isa = PBXFileReference; lastKnownFileType = sourcecode.swift; path = NetworkError.swift; sourceTree = "<group>"; };
		107558AA2A7A349A00A9B30A /* TopAnimeDO.swift */ = {isa = PBXFileReference; lastKnownFileType = sourcecode.swift; path = TopAnimeDO.swift; sourceTree = "<group>"; };
		107558AE2A7A36B700A9B30A /* PaginationDO.swift */ = {isa = PBXFileReference; lastKnownFileType = sourcecode.swift; path = PaginationDO.swift; sourceTree = "<group>"; };
		107558B02A7A371500A9B30A /* DatumDO.swift */ = {isa = PBXFileReference; lastKnownFileType = sourcecode.swift; path = DatumDO.swift; sourceTree = "<group>"; };
		107558B52A7A4E5900A9B30A /* DemographicDO.swift */ = {isa = PBXFileReference; lastKnownFileType = sourcecode.swift; path = DemographicDO.swift; sourceTree = "<group>"; };
		107558B72A7A5CCB00A9B30A /* GetTopAnimesRepositoryImpl.swift */ = {isa = PBXFileReference; lastKnownFileType = sourcecode.swift; path = GetTopAnimesRepositoryImpl.swift; sourceTree = "<group>"; };
		107558B92A7A5D0B00A9B30A /* GetTopAnimesRepositoryProtocol.swift */ = {isa = PBXFileReference; lastKnownFileType = sourcecode.swift; path = GetTopAnimesRepositoryProtocol.swift; sourceTree = "<group>"; };
		107558BF2A7A856800A9B30A /* HomeViewController.swift */ = {isa = PBXFileReference; lastKnownFileType = sourcecode.swift; path = HomeViewController.swift; sourceTree = "<group>"; };
		107558C12A7A856F00A9B30A /* HomeViewModel.swift */ = {isa = PBXFileReference; lastKnownFileType = sourcecode.swift; path = HomeViewModel.swift; sourceTree = "<group>"; };
		107558C32A7A858300A9B30A /* HomeView.xib */ = {isa = PBXFileReference; lastKnownFileType = file.xib; path = HomeView.xib; sourceTree = "<group>"; };
		107558C72A7A85BD00A9B30A /* HomeCollectionViewCell.swift */ = {isa = PBXFileReference; lastKnownFileType = sourcecode.swift; path = HomeCollectionViewCell.swift; sourceTree = "<group>"; };
		107558D22A7AB6E300A9B30A /* en */ = {isa = PBXFileReference; lastKnownFileType = text.plist.strings; name = en; path = en.lproj/Localizable.strings; sourceTree = "<group>"; };
		107558D42A7AB72100A9B30A /* es */ = {isa = PBXFileReference; lastKnownFileType = text.plist.strings; name = es; path = es.lproj/Localizable.strings; sourceTree = "<group>"; };
		107558D62A7BC0CF00A9B30A /* TopAnimeVO.swift */ = {isa = PBXFileReference; lastKnownFileType = sourcecode.swift; path = TopAnimeVO.swift; sourceTree = "<group>"; };
		107558DA2A7BC17500A9B30A /* TopAnimeDataVO.swift */ = {isa = PBXFileReference; lastKnownFileType = sourcecode.swift; path = TopAnimeDataVO.swift; sourceTree = "<group>"; };
		107558DE2A7BC50800A9B30A /* DemographicVO.swift */ = {isa = PBXFileReference; lastKnownFileType = sourcecode.swift; path = DemographicVO.swift; sourceTree = "<group>"; };
		107558E12A7C596F00A9B30A /* HomeCollectionViewCell.xib */ = {isa = PBXFileReference; lastKnownFileType = file.xib; path = HomeCollectionViewCell.xib; sourceTree = "<group>"; };
		107558E52A7D12EC00A9B30A /* TabBarViewController.swift */ = {isa = PBXFileReference; lastKnownFileType = sourcecode.swift; path = TabBarViewController.swift; sourceTree = "<group>"; };
		107558E72A7D137500A9B30A /* NotificationCenterExtension.swift */ = {isa = PBXFileReference; lastKnownFileType = sourcecode.swift; path = NotificationCenterExtension.swift; sourceTree = "<group>"; };
		107558EA2A7D248600A9B30A /* DetailViewController.xib */ = {isa = PBXFileReference; lastKnownFileType = file.xib; path = DetailViewController.xib; sourceTree = "<group>"; };
		107558EC2A7D249200A9B30A /* DetailViewController.swift */ = {isa = PBXFileReference; lastKnownFileType = sourcecode.swift; path = DetailViewController.swift; sourceTree = "<group>"; };
		107558F12A7FC6A900A9B30A /* DetailViewModel.swift */ = {isa = PBXFileReference; lastKnownFileType = sourcecode.swift; path = DetailViewModel.swift; sourceTree = "<group>"; };
		107558F42A80D4BD00A9B30A /* RootViewModel.swift */ = {isa = PBXFileReference; lastKnownFileType = sourcecode.swift; path = RootViewModel.swift; sourceTree = "<group>"; };
/* End PBXFileReference section */

/* Begin PBXFrameworksBuildPhase section */
		1075581F2A7911F000A9B30A /* Frameworks */ = {
			isa = PBXFrameworksBuildPhase;
			buildActionMask = 2147483647;
			files = (
			);
			runOnlyForDeploymentPostprocessing = 0;
		};
		107558352A7911F100A9B30A /* Frameworks */ = {
			isa = PBXFrameworksBuildPhase;
			buildActionMask = 2147483647;
			files = (
			);
			runOnlyForDeploymentPostprocessing = 0;
		};
		1075583F2A7911F100A9B30A /* Frameworks */ = {
			isa = PBXFrameworksBuildPhase;
			buildActionMask = 2147483647;
			files = (
			);
			runOnlyForDeploymentPostprocessing = 0;
		};
/* End PBXFrameworksBuildPhase section */

/* Begin PBXGroup section */
		107558192A7911F000A9B30A = {
			isa = PBXGroup;
			children = (
				107558242A7911F000A9B30A /* animeApp */,
				1075583B2A7911F100A9B30A /* animeAppTests */,
				107558452A7911F100A9B30A /* animeAppUITests */,
				107558232A7911F000A9B30A /* Products */,
			);
			sourceTree = "<group>";
		};
		107558232A7911F000A9B30A /* Products */ = {
			isa = PBXGroup;
			children = (
				107558222A7911F000A9B30A /* animeApp.app */,
				107558382A7911F100A9B30A /* animeAppTests.xctest */,
				107558422A7911F100A9B30A /* animeAppUITests.xctest */,
			);
			name = Products;
			sourceTree = "<group>";
		};
		107558242A7911F000A9B30A /* animeApp */ = {
			isa = PBXGroup;
			children = (
				107558552A7914E500A9B30A /* Data */,
				107558562A7914EA00A9B30A /* Domain */,
				107558582A7914FD00A9B30A /* Presentation */,
				107558572A7914F600A9B30A /* App */,
				107558302A7911F100A9B30A /* LaunchScreen.storyboard */,
			);
			path = animeApp;
			sourceTree = "<group>";
		};
		1075583B2A7911F100A9B30A /* animeAppTests */ = {
			isa = PBXGroup;
			children = (
				1075585E2A79173300A9B30A /* Suts */,
				1075585F2A79175E00A9B30A /* TestUtils */,
				1075583C2A7911F100A9B30A /* animeAppTests.swift */,
			);
			path = animeAppTests;
			sourceTree = "<group>";
		};
		107558452A7911F100A9B30A /* animeAppUITests */ = {
			isa = PBXGroup;
			children = (
				107558462A7911F100A9B30A /* animeAppUITests.swift */,
				107558482A7911F100A9B30A /* animeAppUITestsLaunchTests.swift */,
			);
			path = animeAppUITests;
			sourceTree = "<group>";
		};
		107558552A7914E500A9B30A /* Data */ = {
			isa = PBXGroup;
			children = (
				107558642A7918C400A9B30A /* Remote */,
				107558632A7918B700A9B30A /* Utils */,
				107558742A7984F100A9B30A /* Protocols */,
				1075587D2A798B3400A9B30A /* Models */,
			);
			path = Data;
			sourceTree = "<group>";
		};
		107558562A7914EA00A9B30A /* Domain */ = {
			isa = PBXGroup;
			children = (
				107558A72A7A33FA00A9B30A /* Protocols */,
				107558A62A7A33D400A9B30A /* Models */,
				107558652A7918CF00A9B30A /* Use Cases */,
			);
			path = Domain;
			sourceTree = "<group>";
		};
		107558572A7914F600A9B30A /* App */ = {
			isa = PBXGroup;
			children = (
				107558332A7911F100A9B30A /* Info.plist */,
				107558252A7911F000A9B30A /* AppDelegate.swift */,
				107558272A7911F000A9B30A /* SceneDelegate.swift */,
				1075585A2A79155E00A9B30A /* Resources */,
				107558592A79155300A9B30A /* Utils */,
			);
			path = App;
			sourceTree = "<group>";
		};
		107558582A7914FD00A9B30A /* Presentation */ = {
			isa = PBXGroup;
			children = (
				107558A82A7A342600A9B30A /* Models */,
				107558A92A7A343000A9B30A /* Views */,
			);
			path = Presentation;
			sourceTree = "<group>";
		};
		107558592A79155300A9B30A /* Utils */ = {
			isa = PBXGroup;
			children = (
				107558E72A7D137500A9B30A /* NotificationCenterExtension.swift */,
			);
			path = Utils;
			sourceTree = "<group>";
		};
		1075585A2A79155E00A9B30A /* Resources */ = {
			isa = PBXGroup;
			children = (
				1075582E2A7911F100A9B30A /* Assets.xcassets */,
				107558D32A7AB6E300A9B30A /* Localizable.strings */,
			);
			path = Resources;
			sourceTree = "<group>";
		};
		1075585B2A79170800A9B30A /* Data */ = {
			isa = PBXGroup;
			children = (
			);
			path = Data;
			sourceTree = "<group>";
		};
		1075585C2A79170D00A9B30A /* Domain */ = {
			isa = PBXGroup;
			children = (
			);
			path = Domain;
			sourceTree = "<group>";
		};
		1075585D2A79171400A9B30A /* Presentation */ = {
			isa = PBXGroup;
			children = (
			);
			path = Presentation;
			sourceTree = "<group>";
		};
		1075585E2A79173300A9B30A /* Suts */ = {
			isa = PBXGroup;
			children = (
				1075585B2A79170800A9B30A /* Data */,
				1075585C2A79170D00A9B30A /* Domain */,
				1075585D2A79171400A9B30A /* Presentation */,
			);
			path = Suts;
			sourceTree = "<group>";
		};
		1075585F2A79175E00A9B30A /* TestUtils */ = {
			isa = PBXGroup;
			children = (
				107558622A79178100A9B30A /* Mocs */,
				107558612A79177C00A9B30A /* Stubs */,
				107558602A79177400A9B30A /* Spies */,
			);
			path = TestUtils;
			sourceTree = "<group>";
		};
		107558602A79177400A9B30A /* Spies */ = {
			isa = PBXGroup;
			children = (
			);
			path = Spies;
			sourceTree = "<group>";
		};
		107558612A79177C00A9B30A /* Stubs */ = {
			isa = PBXGroup;
			children = (
			);
			path = Stubs;
			sourceTree = "<group>";
		};
		107558622A79178100A9B30A /* Mocs */ = {
			isa = PBXGroup;
			children = (
			);
			path = Mocs;
			sourceTree = "<group>";
		};
		107558632A7918B700A9B30A /* Utils */ = {
			isa = PBXGroup;
			children = (
				107558A52A79B25500A9B30A /* Enums */,
				1075586E2A7930A300A9B30A /* KeyChainHelper.swift */,
				107558702A7930F200A9B30A /* UserDefaultHelper.swift */,
			);
			path = Utils;
			sourceTree = "<group>";
		};
		107558642A7918C400A9B30A /* Remote */ = {
			isa = PBXGroup;
			children = (
				107558722A7984E000A9B30A /* TopAnimeRemoteDataSourceImpl.swift */,
			);
			path = Remote;
			sourceTree = "<group>";
		};
		107558652A7918CF00A9B30A /* Use Cases */ = {
			isa = PBXGroup;
			children = (
				107558B72A7A5CCB00A9B30A /* GetTopAnimesRepositoryImpl.swift */,
			);
			path = "Use Cases";
			sourceTree = "<group>";
		};
		107558662A79194400A9B30A /* Login */ = {
			isa = PBXGroup;
			children = (
				107558672A79196700A9B30A /* LoginViewModel.swift */,
				1075586A2A79198500A9B30A /* LoginView.xib */,
				1075586C2A79199700A9B30A /* LoginViewController.swift */,
			);
			path = Login;
			sourceTree = "<group>";
		};
		107558742A7984F100A9B30A /* Protocols */ = {
			isa = PBXGroup;
			children = (
				107558BC2A7A618C00A9B30A /* TopAnime */,
			);
			path = Protocols;
			sourceTree = "<group>";
		};
		1075587D2A798B3400A9B30A /* Models */ = {
			isa = PBXGroup;
			children = (
				107558802A798BD300A9B30A /* TopAnime */,
			);
			path = Models;
			sourceTree = "<group>";
		};
		107558802A798BD300A9B30A /* TopAnime */ = {
			isa = PBXGroup;
			children = (
				1075587E2A798B6E00A9B30A /* TopAnimeDTO.swift */,
				107558822A798BE900A9B30A /* Pagination */,
				107558812A798BE200A9B30A /* Data */,
			);
			path = TopAnime;
			sourceTree = "<group>";
		};
		107558812A798BE200A9B30A /* Data */ = {
			isa = PBXGroup;
			children = (
				107558882A798CBA00A9B30A /* Datum */,
			);
			path = Data;
			sourceTree = "<group>";
		};
		107558822A798BE900A9B30A /* Pagination */ = {
			isa = PBXGroup;
			children = (
				107558832A798BFA00A9B30A /* Pagination.swift */,
				107558852A798C6300A9B30A /* Items */,
			);
			path = Pagination;
			sourceTree = "<group>";
		};
		107558852A798C6300A9B30A /* Items */ = {
			isa = PBXGroup;
			children = (
				107558862A798C6C00A9B30A /* Items.swift */,
			);
			path = Items;
			sourceTree = "<group>";
		};
		107558882A798CBA00A9B30A /* Datum */ = {
			isa = PBXGroup;
			children = (
				107558A02A79AA9A00A9B30A /* Trailer */,
				1075589D2A79AA8700A9B30A /* Title */,
				1075589A2A79AA0C00A9B30A /* Image */,
				107558972A79A9ED00A9B30A /* Demographic */,
				107558942A79A9D200A9B30A /* Broadcast */,
				107558912A79A9B000A9B30A /* From */,
				1075588B2A79A96000A9B30A /* Aired */,
				107558892A798F5600A9B30A /* Datum.swift */,
			);
			path = Datum;
			sourceTree = "<group>";
		};
		1075588B2A79A96000A9B30A /* Aired */ = {
			isa = PBXGroup;
			children = (
				1075588C2A79A96A00A9B30A /* Aired.swift */,
				107558902A79A99100A9B30A /* Prop */,
			);
			path = Aired;
			sourceTree = "<group>";
		};
		107558902A79A99100A9B30A /* Prop */ = {
			isa = PBXGroup;
			children = (
				1075588E2A79A98800A9B30A /* Prop.swift */,
			);
			path = Prop;
			sourceTree = "<group>";
		};
		107558912A79A9B000A9B30A /* From */ = {
			isa = PBXGroup;
			children = (
				107558922A79A9BD00A9B30A /* From.swift */,
			);
			path = From;
			sourceTree = "<group>";
		};
		107558942A79A9D200A9B30A /* Broadcast */ = {
			isa = PBXGroup;
			children = (
				107558952A79A9DB00A9B30A /* Broadcast.swift */,
			);
			path = Broadcast;
			sourceTree = "<group>";
		};
		107558972A79A9ED00A9B30A /* Demographic */ = {
			isa = PBXGroup;
			children = (
				107558982A79A9FE00A9B30A /* Demographic.swift */,
			);
			path = Demographic;
			sourceTree = "<group>";
		};
		1075589A2A79AA0C00A9B30A /* Image */ = {
			isa = PBXGroup;
			children = (
				1075589B2A79AA1100A9B30A /* Image.swift */,
			);
			path = Image;
			sourceTree = "<group>";
		};
		1075589D2A79AA8700A9B30A /* Title */ = {
			isa = PBXGroup;
			children = (
				1075589E2A79AA8D00A9B30A /* Title.swift */,
			);
			path = Title;
			sourceTree = "<group>";
		};
		107558A02A79AA9A00A9B30A /* Trailer */ = {
			isa = PBXGroup;
			children = (
				107558A12A79AAA100A9B30A /* Trailer.swift */,
			);
			path = Trailer;
			sourceTree = "<group>";
		};
		107558A52A79B25500A9B30A /* Enums */ = {
			isa = PBXGroup;
			children = (
				107558A32A79B24C00A9B30A /* NetworkError.swift */,
			);
			path = Enums;
			sourceTree = "<group>";
		};
		107558A62A7A33D400A9B30A /* Models */ = {
			isa = PBXGroup;
			children = (
				107558B22A7A4D5800A9B30A /* TopAnimeDO */,
			);
			path = Models;
			sourceTree = "<group>";
		};
		107558A72A7A33FA00A9B30A /* Protocols */ = {
			isa = PBXGroup;
			children = (
				107558BB2A7A615700A9B30A /* TopAnime */,
			);
			path = Protocols;
			sourceTree = "<group>";
		};
		107558A82A7A342600A9B30A /* Models */ = {
			isa = PBXGroup;
			children = (
				107558DC2A7BC4F500A9B30A /* DemographicVO */,
				107558D52A7BC0C000A9B30A /* TopAnimeVO */,
			);
			path = Models;
			sourceTree = "<group>";
		};
		107558A92A7A343000A9B30A /* Views */ = {
			isa = PBXGroup;
			children = (
				107558F32A80D4B000A9B30A /* RootView */,
				107558E92A7D23E700A9B30A /* DetailTopAnime */,
				107558E42A7D000400A9B30A /* TabBar */,
				107558BD2A7A843F00A9B30A /* Home */,
				107558662A79194400A9B30A /* Login */,
			);
			path = Views;
			sourceTree = "<group>";
		};
		107558AC2A7A369E00A9B30A /* Datum */ = {
			isa = PBXGroup;
			children = (
				107558B42A7A4E5100A9B30A /* DemographicDO */,
				107558B02A7A371500A9B30A /* DatumDO.swift */,
			);
			path = Datum;
			sourceTree = "<group>";
		};
		107558AD2A7A36A500A9B30A /* Pagination */ = {
			isa = PBXGroup;
			children = (
				107558AE2A7A36B700A9B30A /* PaginationDO.swift */,
			);
			path = Pagination;
			sourceTree = "<group>";
		};
		107558B22A7A4D5800A9B30A /* TopAnimeDO */ = {
			isa = PBXGroup;
			children = (
				107558AA2A7A349A00A9B30A /* TopAnimeDO.swift */,
				107558AC2A7A369E00A9B30A /* Datum */,
				107558AD2A7A36A500A9B30A /* Pagination */,
			);
			path = TopAnimeDO;
			sourceTree = "<group>";
		};
		107558B42A7A4E5100A9B30A /* DemographicDO */ = {
			isa = PBXGroup;
			children = (
				107558B52A7A4E5900A9B30A /* DemographicDO.swift */,
			);
			path = DemographicDO;
			sourceTree = "<group>";
		};
		107558BB2A7A615700A9B30A /* TopAnime */ = {
			isa = PBXGroup;
			children = (
				107558B92A7A5D0B00A9B30A /* GetTopAnimesRepositoryProtocol.swift */,
			);
			path = TopAnime;
			sourceTree = "<group>";
		};
		107558BC2A7A618C00A9B30A /* TopAnime */ = {
			isa = PBXGroup;
			children = (
				107558752A79850900A9B30A /* TopAnimeRemoteDataSourceProtocol.swift */,
			);
			path = TopAnime;
			sourceTree = "<group>";
		};
		107558BD2A7A843F00A9B30A /* Home */ = {
			isa = PBXGroup;
			children = (
				107558BE2A7A845100A9B30A /* AnimeTopCell */,
				107558BF2A7A856800A9B30A /* HomeViewController.swift */,
				107558C12A7A856F00A9B30A /* HomeViewModel.swift */,
				107558C32A7A858300A9B30A /* HomeView.xib */,
			);
			path = Home;
			sourceTree = "<group>";
		};
		107558BE2A7A845100A9B30A /* AnimeTopCell */ = {
			isa = PBXGroup;
			children = (
				107558C72A7A85BD00A9B30A /* HomeCollectionViewCell.swift */,
				107558E12A7C596F00A9B30A /* HomeCollectionViewCell.xib */,
			);
			path = AnimeTopCell;
			sourceTree = "<group>";
		};
		107558D52A7BC0C000A9B30A /* TopAnimeVO */ = {
			isa = PBXGroup;
			children = (
				107558D82A7BC12B00A9B30A /* TopAnimeDataVO */,
				107558D62A7BC0CF00A9B30A /* TopAnimeVO.swift */,
			);
			path = TopAnimeVO;
			sourceTree = "<group>";
		};
		107558D82A7BC12B00A9B30A /* TopAnimeDataVO */ = {
			isa = PBXGroup;
			children = (
				107558DA2A7BC17500A9B30A /* TopAnimeDataVO.swift */,
			);
			path = TopAnimeDataVO;
			sourceTree = "<group>";
		};
		107558DC2A7BC4F500A9B30A /* DemographicVO */ = {
			isa = PBXGroup;
			children = (
				107558DE2A7BC50800A9B30A /* DemographicVO.swift */,
			);
			path = DemographicVO;
			sourceTree = "<group>";
		};
		107558E42A7D000400A9B30A /* TabBar */ = {
			isa = PBXGroup;
			children = (
				107558E52A7D12EC00A9B30A /* TabBarViewController.swift */,
			);
			path = TabBar;
			sourceTree = "<group>";
		};
		107558E92A7D23E700A9B30A /* DetailTopAnime */ = {
			isa = PBXGroup;
			children = (
				107558EA2A7D248600A9B30A /* DetailViewController.xib */,
				107558EC2A7D249200A9B30A /* DetailViewController.swift */,
				107558F12A7FC6A900A9B30A /* DetailViewModel.swift */,
			);
			path = DetailTopAnime;
			sourceTree = "<group>";
		};
		107558F32A80D4B000A9B30A /* RootView */ = {
			isa = PBXGroup;
			children = (
				107558F42A80D4BD00A9B30A /* RootViewModel.swift */,
			);
			path = RootView;
			sourceTree = "<group>";
		};
/* End PBXGroup section */

/* Begin PBXNativeTarget section */
		107558212A7911F000A9B30A /* animeApp */ = {
			isa = PBXNativeTarget;
			buildConfigurationList = 1075584C2A7911F100A9B30A /* Build configuration list for PBXNativeTarget "animeApp" */;
			buildPhases = (
				1075581E2A7911F000A9B30A /* Sources */,
				1075581F2A7911F000A9B30A /* Frameworks */,
				107558202A7911F000A9B30A /* Resources */,
			);
			buildRules = (
			);
			dependencies = (
			);
			name = animeApp;
			productName = animeApp;
			productReference = 107558222A7911F000A9B30A /* animeApp.app */;
			productType = "com.apple.product-type.application";
		};
		107558372A7911F100A9B30A /* animeAppTests */ = {
			isa = PBXNativeTarget;
			buildConfigurationList = 1075584F2A7911F100A9B30A /* Build configuration list for PBXNativeTarget "animeAppTests" */;
			buildPhases = (
				107558342A7911F100A9B30A /* Sources */,
				107558352A7911F100A9B30A /* Frameworks */,
				107558362A7911F100A9B30A /* Resources */,
			);
			buildRules = (
			);
			dependencies = (
				1075583A2A7911F100A9B30A /* PBXTargetDependency */,
			);
			name = animeAppTests;
			productName = animeAppTests;
			productReference = 107558382A7911F100A9B30A /* animeAppTests.xctest */;
			productType = "com.apple.product-type.bundle.unit-test";
		};
		107558412A7911F100A9B30A /* animeAppUITests */ = {
			isa = PBXNativeTarget;
			buildConfigurationList = 107558522A7911F100A9B30A /* Build configuration list for PBXNativeTarget "animeAppUITests" */;
			buildPhases = (
				1075583E2A7911F100A9B30A /* Sources */,
				1075583F2A7911F100A9B30A /* Frameworks */,
				107558402A7911F100A9B30A /* Resources */,
			);
			buildRules = (
			);
			dependencies = (
				107558442A7911F100A9B30A /* PBXTargetDependency */,
			);
			name = animeAppUITests;
			productName = animeAppUITests;
			productReference = 107558422A7911F100A9B30A /* animeAppUITests.xctest */;
			productType = "com.apple.product-type.bundle.ui-testing";
		};
/* End PBXNativeTarget section */

/* Begin PBXProject section */
		1075581A2A7911F000A9B30A /* Project object */ = {
			isa = PBXProject;
			attributes = {
				BuildIndependentTargetsInParallel = 1;
				LastSwiftUpdateCheck = 1430;
				LastUpgradeCheck = 1430;
				TargetAttributes = {
					107558212A7911F000A9B30A = {
						CreatedOnToolsVersion = 14.3.1;
					};
					107558372A7911F100A9B30A = {
						CreatedOnToolsVersion = 14.3.1;
						TestTargetID = 107558212A7911F000A9B30A;
					};
					107558412A7911F100A9B30A = {
						CreatedOnToolsVersion = 14.3.1;
						TestTargetID = 107558212A7911F000A9B30A;
					};
				};
			};
			buildConfigurationList = 1075581D2A7911F000A9B30A /* Build configuration list for PBXProject "animeApp" */;
			compatibilityVersion = "Xcode 14.0";
			developmentRegion = en;
			hasScannedForEncodings = 0;
			knownRegions = (
				en,
				Base,
				es,
			);
			mainGroup = 107558192A7911F000A9B30A;
			productRefGroup = 107558232A7911F000A9B30A /* Products */;
			projectDirPath = "";
			projectRoot = "";
			targets = (
				107558212A7911F000A9B30A /* animeApp */,
				107558372A7911F100A9B30A /* animeAppTests */,
				107558412A7911F100A9B30A /* animeAppUITests */,
			);
		};
/* End PBXProject section */

/* Begin PBXResourcesBuildPhase section */
		107558202A7911F000A9B30A /* Resources */ = {
			isa = PBXResourcesBuildPhase;
			buildActionMask = 2147483647;
			files = (
				107558322A7911F100A9B30A /* LaunchScreen.storyboard in Resources */,
				107558D12A7AB6E300A9B30A /* Localizable.strings in Resources */,
				107558EB2A7D248600A9B30A /* DetailViewController.xib in Resources */,
				107558C42A7A858300A9B30A /* HomeView.xib in Resources */,
				107558E32A7C596F00A9B30A /* HomeCollectionViewCell.xib in Resources */,
				1075582F2A7911F100A9B30A /* Assets.xcassets in Resources */,
				1075586B2A79198500A9B30A /* LoginView.xib in Resources */,
			);
			runOnlyForDeploymentPostprocessing = 0;
		};
		107558362A7911F100A9B30A /* Resources */ = {
			isa = PBXResourcesBuildPhase;
			buildActionMask = 2147483647;
			files = (
			);
			runOnlyForDeploymentPostprocessing = 0;
		};
		107558402A7911F100A9B30A /* Resources */ = {
			isa = PBXResourcesBuildPhase;
			buildActionMask = 2147483647;
			files = (
			);
			runOnlyForDeploymentPostprocessing = 0;
		};
/* End PBXResourcesBuildPhase section */

/* Begin PBXSourcesBuildPhase section */
		1075581E2A7911F000A9B30A /* Sources */ = {
			isa = PBXSourcesBuildPhase;
			buildActionMask = 2147483647;
			files = (
				107558ED2A7D249200A9B30A /* DetailViewController.swift in Sources */,
				107558B62A7A4E5900A9B30A /* DemographicDO.swift in Sources */,
				107558E82A7D137500A9B30A /* NotificationCenterExtension.swift in Sources */,
				107558732A7984E000A9B30A /* TopAnimeRemoteDataSourceImpl.swift in Sources */,
				107558F52A80D4BD00A9B30A /* RootViewModel.swift in Sources */,
				107558DF2A7BC50800A9B30A /* DemographicVO.swift in Sources */,
				1075586D2A79199700A9B30A /* LoginViewController.swift in Sources */,
				107558C22A7A856F00A9B30A /* HomeViewModel.swift in Sources */,
				107558BA2A7A5D0B00A9B30A /* GetTopAnimesRepositoryProtocol.swift in Sources */,
				107558AB2A7A349A00A9B30A /* TopAnimeDO.swift in Sources */,
				107558A42A79B24C00A9B30A /* NetworkError.swift in Sources */,
				1075589F2A79AA8D00A9B30A /* Title.swift in Sources */,
				1075586F2A7930A300A9B30A /* KeyChainHelper.swift in Sources */,
				107558E62A7D12EC00A9B30A /* TabBarViewController.swift in Sources */,
				107558262A7911F000A9B30A /* AppDelegate.swift in Sources */,
				107558A22A79AAA100A9B30A /* Trailer.swift in Sources */,
				107558B12A7A371500A9B30A /* DatumDO.swift in Sources */,
				107558872A798C6C00A9B30A /* Items.swift in Sources */,
				107558C82A7A85BD00A9B30A /* HomeCollectionViewCell.swift in Sources */,
				107558B82A7A5CCB00A9B30A /* GetTopAnimesRepositoryImpl.swift in Sources */,
				107558282A7911F000A9B30A /* SceneDelegate.swift in Sources */,
				107558DB2A7BC17500A9B30A /* TopAnimeDataVO.swift in Sources */,
				1075588F2A79A98800A9B30A /* Prop.swift in Sources */,
				1075589C2A79AA1100A9B30A /* Image.swift in Sources */,
				107558C02A7A856800A9B30A /* HomeViewController.swift in Sources */,
				107558712A7930F200A9B30A /* UserDefaultHelper.swift in Sources */,
				107558F22A7FC6A900A9B30A /* DetailViewModel.swift in Sources */,
				107558AF2A7A36B700A9B30A /* PaginationDO.swift in Sources */,
				107558682A79196700A9B30A /* LoginViewModel.swift in Sources */,
				107558992A79A9FE00A9B30A /* Demographic.swift in Sources */,
				1075588D2A79A96A00A9B30A /* Aired.swift in Sources */,
				107558932A79A9BD00A9B30A /* From.swift in Sources */,
				1075588A2A798F5600A9B30A /* Datum.swift in Sources */,
				107558962A79A9DB00A9B30A /* Broadcast.swift in Sources */,
				1075587F2A798B6E00A9B30A /* TopAnimeDTO.swift in Sources */,
				107558D72A7BC0CF00A9B30A /* TopAnimeVO.swift in Sources */,
				107558762A79850900A9B30A /* TopAnimeRemoteDataSourceProtocol.swift in Sources */,
				107558842A798BFA00A9B30A /* Pagination.swift in Sources */,
			);
			runOnlyForDeploymentPostprocessing = 0;
		};
		107558342A7911F100A9B30A /* Sources */ = {
			isa = PBXSourcesBuildPhase;
			buildActionMask = 2147483647;
			files = (
				1075583D2A7911F100A9B30A /* animeAppTests.swift in Sources */,
			);
			runOnlyForDeploymentPostprocessing = 0;
		};
		1075583E2A7911F100A9B30A /* Sources */ = {
			isa = PBXSourcesBuildPhase;
			buildActionMask = 2147483647;
			files = (
				107558492A7911F100A9B30A /* animeAppUITestsLaunchTests.swift in Sources */,
				107558472A7911F100A9B30A /* animeAppUITests.swift in Sources */,
			);
			runOnlyForDeploymentPostprocessing = 0;
		};
/* End PBXSourcesBuildPhase section */

/* Begin PBXTargetDependency section */
		1075583A2A7911F100A9B30A /* PBXTargetDependency */ = {
			isa = PBXTargetDependency;
			target = 107558212A7911F000A9B30A /* animeApp */;
			targetProxy = 107558392A7911F100A9B30A /* PBXContainerItemProxy */;
		};
		107558442A7911F100A9B30A /* PBXTargetDependency */ = {
			isa = PBXTargetDependency;
			target = 107558212A7911F000A9B30A /* animeApp */;
			targetProxy = 107558432A7911F100A9B30A /* PBXContainerItemProxy */;
		};
/* End PBXTargetDependency section */

/* Begin PBXVariantGroup section */
		107558302A7911F100A9B30A /* LaunchScreen.storyboard */ = {
			isa = PBXVariantGroup;
			children = (
				107558312A7911F100A9B30A /* Base */,
			);
			name = LaunchScreen.storyboard;
			sourceTree = "<group>";
		};
		107558D32A7AB6E300A9B30A /* Localizable.strings */ = {
			isa = PBXVariantGroup;
			children = (
				107558D22A7AB6E300A9B30A /* en */,
				107558D42A7AB72100A9B30A /* es */,
			);
			name = Localizable.strings;
			sourceTree = "<group>";
		};
/* End PBXVariantGroup section */

/* Begin XCBuildConfiguration section */
		1075584A2A7911F100A9B30A /* Debug */ = {
			isa = XCBuildConfiguration;
			buildSettings = {
				ALWAYS_SEARCH_USER_PATHS = NO;
				CLANG_ANALYZER_LOCALIZABILITY_NONLOCALIZED = YES;
				CLANG_ANALYZER_NONNULL = YES;
				CLANG_ANALYZER_NUMBER_OBJECT_CONVERSION = YES_AGGRESSIVE;
				CLANG_CXX_LANGUAGE_STANDARD = "gnu++20";
				CLANG_ENABLE_MODULES = YES;
				CLANG_ENABLE_OBJC_ARC = YES;
				CLANG_ENABLE_OBJC_WEAK = YES;
				CLANG_WARN_BLOCK_CAPTURE_AUTORELEASING = YES;
				CLANG_WARN_BOOL_CONVERSION = YES;
				CLANG_WARN_COMMA = YES;
				CLANG_WARN_CONSTANT_CONVERSION = YES;
				CLANG_WARN_DEPRECATED_OBJC_IMPLEMENTATIONS = YES;
				CLANG_WARN_DIRECT_OBJC_ISA_USAGE = YES_ERROR;
				CLANG_WARN_DOCUMENTATION_COMMENTS = YES;
				CLANG_WARN_EMPTY_BODY = YES;
				CLANG_WARN_ENUM_CONVERSION = YES;
				CLANG_WARN_INFINITE_RECURSION = YES;
				CLANG_WARN_INT_CONVERSION = YES;
				CLANG_WARN_NON_LITERAL_NULL_CONVERSION = YES;
				CLANG_WARN_OBJC_IMPLICIT_RETAIN_SELF = YES;
				CLANG_WARN_OBJC_LITERAL_CONVERSION = YES;
				CLANG_WARN_OBJC_ROOT_CLASS = YES_ERROR;
				CLANG_WARN_QUOTED_INCLUDE_IN_FRAMEWORK_HEADER = YES;
				CLANG_WARN_RANGE_LOOP_ANALYSIS = YES;
				CLANG_WARN_STRICT_PROTOTYPES = YES;
				CLANG_WARN_SUSPICIOUS_MOVE = YES;
				CLANG_WARN_UNGUARDED_AVAILABILITY = YES_AGGRESSIVE;
				CLANG_WARN_UNREACHABLE_CODE = YES;
				CLANG_WARN__DUPLICATE_METHOD_MATCH = YES;
				COPY_PHASE_STRIP = NO;
				DEBUG_INFORMATION_FORMAT = dwarf;
				ENABLE_STRICT_OBJC_MSGSEND = YES;
				ENABLE_TESTABILITY = YES;
				GCC_C_LANGUAGE_STANDARD = gnu11;
				GCC_DYNAMIC_NO_PIC = NO;
				GCC_NO_COMMON_BLOCKS = YES;
				GCC_OPTIMIZATION_LEVEL = 0;
				GCC_PREPROCESSOR_DEFINITIONS = (
					"DEBUG=1",
					"$(inherited)",
				);
				GCC_WARN_64_TO_32_BIT_CONVERSION = YES;
				GCC_WARN_ABOUT_RETURN_TYPE = YES_ERROR;
				GCC_WARN_UNDECLARED_SELECTOR = YES;
				GCC_WARN_UNINITIALIZED_AUTOS = YES_AGGRESSIVE;
				GCC_WARN_UNUSED_FUNCTION = YES;
				GCC_WARN_UNUSED_VARIABLE = YES;
				IPHONEOS_DEPLOYMENT_TARGET = 16.4;
				MTL_ENABLE_DEBUG_INFO = INCLUDE_SOURCE;
				MTL_FAST_MATH = YES;
				ONLY_ACTIVE_ARCH = YES;
				SDKROOT = iphoneos;
				SWIFT_ACTIVE_COMPILATION_CONDITIONS = DEBUG;
				SWIFT_OPTIMIZATION_LEVEL = "-Onone";
			};
			name = Debug;
		};
		1075584B2A7911F100A9B30A /* Release */ = {
			isa = XCBuildConfiguration;
			buildSettings = {
				ALWAYS_SEARCH_USER_PATHS = NO;
				CLANG_ANALYZER_LOCALIZABILITY_NONLOCALIZED = YES;
				CLANG_ANALYZER_NONNULL = YES;
				CLANG_ANALYZER_NUMBER_OBJECT_CONVERSION = YES_AGGRESSIVE;
				CLANG_CXX_LANGUAGE_STANDARD = "gnu++20";
				CLANG_ENABLE_MODULES = YES;
				CLANG_ENABLE_OBJC_ARC = YES;
				CLANG_ENABLE_OBJC_WEAK = YES;
				CLANG_WARN_BLOCK_CAPTURE_AUTORELEASING = YES;
				CLANG_WARN_BOOL_CONVERSION = YES;
				CLANG_WARN_COMMA = YES;
				CLANG_WARN_CONSTANT_CONVERSION = YES;
				CLANG_WARN_DEPRECATED_OBJC_IMPLEMENTATIONS = YES;
				CLANG_WARN_DIRECT_OBJC_ISA_USAGE = YES_ERROR;
				CLANG_WARN_DOCUMENTATION_COMMENTS = YES;
				CLANG_WARN_EMPTY_BODY = YES;
				CLANG_WARN_ENUM_CONVERSION = YES;
				CLANG_WARN_INFINITE_RECURSION = YES;
				CLANG_WARN_INT_CONVERSION = YES;
				CLANG_WARN_NON_LITERAL_NULL_CONVERSION = YES;
				CLANG_WARN_OBJC_IMPLICIT_RETAIN_SELF = YES;
				CLANG_WARN_OBJC_LITERAL_CONVERSION = YES;
				CLANG_WARN_OBJC_ROOT_CLASS = YES_ERROR;
				CLANG_WARN_QUOTED_INCLUDE_IN_FRAMEWORK_HEADER = YES;
				CLANG_WARN_RANGE_LOOP_ANALYSIS = YES;
				CLANG_WARN_STRICT_PROTOTYPES = YES;
				CLANG_WARN_SUSPICIOUS_MOVE = YES;
				CLANG_WARN_UNGUARDED_AVAILABILITY = YES_AGGRESSIVE;
				CLANG_WARN_UNREACHABLE_CODE = YES;
				CLANG_WARN__DUPLICATE_METHOD_MATCH = YES;
				COPY_PHASE_STRIP = NO;
				DEBUG_INFORMATION_FORMAT = "dwarf-with-dsym";
				ENABLE_NS_ASSERTIONS = NO;
				ENABLE_STRICT_OBJC_MSGSEND = YES;
				GCC_C_LANGUAGE_STANDARD = gnu11;
				GCC_NO_COMMON_BLOCKS = YES;
				GCC_WARN_64_TO_32_BIT_CONVERSION = YES;
				GCC_WARN_ABOUT_RETURN_TYPE = YES_ERROR;
				GCC_WARN_UNDECLARED_SELECTOR = YES;
				GCC_WARN_UNINITIALIZED_AUTOS = YES_AGGRESSIVE;
				GCC_WARN_UNUSED_FUNCTION = YES;
				GCC_WARN_UNUSED_VARIABLE = YES;
				IPHONEOS_DEPLOYMENT_TARGET = 16.4;
				MTL_ENABLE_DEBUG_INFO = NO;
				MTL_FAST_MATH = YES;
				SDKROOT = iphoneos;
				SWIFT_COMPILATION_MODE = wholemodule;
				SWIFT_OPTIMIZATION_LEVEL = "-O";
				VALIDATE_PRODUCT = YES;
			};
			name = Release;
		};
		1075584D2A7911F100A9B30A /* Debug */ = {
			isa = XCBuildConfiguration;
			buildSettings = {
				ASSETCATALOG_COMPILER_APPICON_NAME = AppIcon;
				ASSETCATALOG_COMPILER_GLOBAL_ACCENT_COLOR_NAME = AccentColor;
				CODE_SIGN_STYLE = Automatic;
				CURRENT_PROJECT_VERSION = 1;
				DEVELOPMENT_TEAM = FW24N4S92X;
				GENERATE_INFOPLIST_FILE = YES;
				INFOPLIST_FILE = animeApp/App/Info.plist;
				INFOPLIST_KEY_UIApplicationSupportsIndirectInputEvents = YES;
				INFOPLIST_KEY_UILaunchStoryboardName = LaunchScreen;
				INFOPLIST_KEY_UISupportedInterfaceOrientations_iPad = "UIInterfaceOrientationPortrait UIInterfaceOrientationPortraitUpsideDown UIInterfaceOrientationLandscapeLeft UIInterfaceOrientationLandscapeRight";
				INFOPLIST_KEY_UISupportedInterfaceOrientations_iPhone = "UIInterfaceOrientationPortrait UIInterfaceOrientationLandscapeLeft UIInterfaceOrientationLandscapeRight";
				LD_RUNPATH_SEARCH_PATHS = (
					"$(inherited)",
					"@executable_path/Frameworks",
				);
				MARKETING_VERSION = 1.0;
				PRODUCT_BUNDLE_IDENTIFIER = com.Amarebu.animeApp;
				PRODUCT_NAME = "$(TARGET_NAME)";
				SWIFT_EMIT_LOC_STRINGS = YES;
				SWIFT_VERSION = 5.0;
				TARGETED_DEVICE_FAMILY = "1,2";
			};
			name = Debug;
		};
		1075584E2A7911F100A9B30A /* Release */ = {
			isa = XCBuildConfiguration;
			buildSettings = {
				ASSETCATALOG_COMPILER_APPICON_NAME = AppIcon;
				ASSETCATALOG_COMPILER_GLOBAL_ACCENT_COLOR_NAME = AccentColor;
				CODE_SIGN_STYLE = Automatic;
				CURRENT_PROJECT_VERSION = 1;
				DEVELOPMENT_TEAM = FW24N4S92X;
				GENERATE_INFOPLIST_FILE = YES;
				INFOPLIST_FILE = animeApp/App/Info.plist;
				INFOPLIST_KEY_UIApplicationSupportsIndirectInputEvents = YES;
				INFOPLIST_KEY_UILaunchStoryboardName = LaunchScreen;
				INFOPLIST_KEY_UISupportedInterfaceOrientations_iPad = "UIInterfaceOrientationPortrait UIInterfaceOrientationPortraitUpsideDown UIInterfaceOrientationLandscapeLeft UIInterfaceOrientationLandscapeRight";
				INFOPLIST_KEY_UISupportedInterfaceOrientations_iPhone = "UIInterfaceOrientationPortrait UIInterfaceOrientationLandscapeLeft UIInterfaceOrientationLandscapeRight";
				LD_RUNPATH_SEARCH_PATHS = (
					"$(inherited)",
					"@executable_path/Frameworks",
				);
				MARKETING_VERSION = 1.0;
				PRODUCT_BUNDLE_IDENTIFIER = com.Amarebu.animeApp;
				PRODUCT_NAME = "$(TARGET_NAME)";
				SWIFT_EMIT_LOC_STRINGS = YES;
				SWIFT_VERSION = 5.0;
				TARGETED_DEVICE_FAMILY = "1,2";
			};
			name = Release;
		};
		107558502A7911F100A9B30A /* Debug */ = {
			isa = XCBuildConfiguration;
			buildSettings = {
				ALWAYS_EMBED_SWIFT_STANDARD_LIBRARIES = YES;
				BUNDLE_LOADER = "$(TEST_HOST)";
				CODE_SIGN_STYLE = Automatic;
				CURRENT_PROJECT_VERSION = 1;
				DEVELOPMENT_TEAM = FW24N4S92X;
				GENERATE_INFOPLIST_FILE = YES;
				IPHONEOS_DEPLOYMENT_TARGET = 16.4;
				MARKETING_VERSION = 1.0;
				PRODUCT_BUNDLE_IDENTIFIER = com.Amarebu.animeAppTests;
				PRODUCT_NAME = "$(TARGET_NAME)";
				SWIFT_EMIT_LOC_STRINGS = NO;
				SWIFT_VERSION = 5.0;
				TARGETED_DEVICE_FAMILY = "1,2";
				TEST_HOST = "$(BUILT_PRODUCTS_DIR)/animeApp.app/$(BUNDLE_EXECUTABLE_FOLDER_PATH)/animeApp";
			};
			name = Debug;
		};
		107558512A7911F100A9B30A /* Release */ = {
			isa = XCBuildConfiguration;
			buildSettings = {
				ALWAYS_EMBED_SWIFT_STANDARD_LIBRARIES = YES;
				BUNDLE_LOADER = "$(TEST_HOST)";
				CODE_SIGN_STYLE = Automatic;
				CURRENT_PROJECT_VERSION = 1;
				DEVELOPMENT_TEAM = FW24N4S92X;
				GENERATE_INFOPLIST_FILE = YES;
				IPHONEOS_DEPLOYMENT_TARGET = 16.4;
				MARKETING_VERSION = 1.0;
				PRODUCT_BUNDLE_IDENTIFIER = com.Amarebu.animeAppTests;
				PRODUCT_NAME = "$(TARGET_NAME)";
				SWIFT_EMIT_LOC_STRINGS = NO;
				SWIFT_VERSION = 5.0;
				TARGETED_DEVICE_FAMILY = "1,2";
				TEST_HOST = "$(BUILT_PRODUCTS_DIR)/animeApp.app/$(BUNDLE_EXECUTABLE_FOLDER_PATH)/animeApp";
			};
			name = Release;
		};
		107558532A7911F100A9B30A /* Debug */ = {
			isa = XCBuildConfiguration;
			buildSettings = {
				ALWAYS_EMBED_SWIFT_STANDARD_LIBRARIES = YES;
				CODE_SIGN_STYLE = Automatic;
				CURRENT_PROJECT_VERSION = 1;
				DEVELOPMENT_TEAM = FW24N4S92X;
				GENERATE_INFOPLIST_FILE = YES;
				MARKETING_VERSION = 1.0;
				PRODUCT_BUNDLE_IDENTIFIER = com.Amarebu.animeAppUITests;
				PRODUCT_NAME = "$(TARGET_NAME)";
				SWIFT_EMIT_LOC_STRINGS = NO;
				SWIFT_VERSION = 5.0;
				TARGETED_DEVICE_FAMILY = "1,2";
				TEST_TARGET_NAME = animeApp;
			};
			name = Debug;
		};
		107558542A7911F100A9B30A /* Release */ = {
			isa = XCBuildConfiguration;
			buildSettings = {
				ALWAYS_EMBED_SWIFT_STANDARD_LIBRARIES = YES;
				CODE_SIGN_STYLE = Automatic;
				CURRENT_PROJECT_VERSION = 1;
				DEVELOPMENT_TEAM = FW24N4S92X;
				GENERATE_INFOPLIST_FILE = YES;
				MARKETING_VERSION = 1.0;
				PRODUCT_BUNDLE_IDENTIFIER = com.Amarebu.animeAppUITests;
				PRODUCT_NAME = "$(TARGET_NAME)";
				SWIFT_EMIT_LOC_STRINGS = NO;
				SWIFT_VERSION = 5.0;
				TARGETED_DEVICE_FAMILY = "1,2";
				TEST_TARGET_NAME = animeApp;
			};
			name = Release;
		};
/* End XCBuildConfiguration section */

/* Begin XCConfigurationList section */
		1075581D2A7911F000A9B30A /* Build configuration list for PBXProject "animeApp" */ = {
			isa = XCConfigurationList;
			buildConfigurations = (
				1075584A2A7911F100A9B30A /* Debug */,
				1075584B2A7911F100A9B30A /* Release */,
			);
			defaultConfigurationIsVisible = 0;
			defaultConfigurationName = Release;
		};
		1075584C2A7911F100A9B30A /* Build configuration list for PBXNativeTarget "animeApp" */ = {
			isa = XCConfigurationList;
			buildConfigurations = (
				1075584D2A7911F100A9B30A /* Debug */,
				1075584E2A7911F100A9B30A /* Release */,
			);
			defaultConfigurationIsVisible = 0;
			defaultConfigurationName = Release;
		};
		1075584F2A7911F100A9B30A /* Build configuration list for PBXNativeTarget "animeAppTests" */ = {
			isa = XCConfigurationList;
			buildConfigurations = (
				107558502A7911F100A9B30A /* Debug */,
				107558512A7911F100A9B30A /* Release */,
			);
			defaultConfigurationIsVisible = 0;
			defaultConfigurationName = Release;
		};
		107558522A7911F100A9B30A /* Build configuration list for PBXNativeTarget "animeAppUITests" */ = {
			isa = XCConfigurationList;
			buildConfigurations = (
				107558532A7911F100A9B30A /* Debug */,
				107558542A7911F100A9B30A /* Release */,
			);
			defaultConfigurationIsVisible = 0;
			defaultConfigurationName = Release;
		};
/* End XCConfigurationList section */
	};
	rootObject = 1075581A2A7911F000A9B30A /* Project object */;
}
